{
  "name": "git-worktree-scripts",
  "version": "1.3.0",
  "lockfileVersion": 3,
  "requires": true,
  "packages": {
    "": {
      "name": "git-worktree-scripts",
      "version": "1.3.0",
      "license": "MIT",
      "bin": {
        "git-worktree": "bin/git-worktree",
        "git-worktree-create": "bin/create-worktree.sh",
        "git-worktree-open": "bin/open-worktree.sh",
        "git-worktree-remove": "bin/remove-worktree-interactive.sh",
        "git-worktree-remove-branch": "bin/remove-worktree-branch.sh"
      },
      "engines": {
        "node": ">=12.0.0"
      }
    }
  }
}
